
Microsoft Visual Studio Solution File, Format Version 12.00
# Visual Studio Version 17
VisualStudioVersion = 17.8.34525.116
MinimumVisualStudioVersion = 10.0.40219.1
Project("{FAE04EC0-301F-11D3-BF4B-00C04F79EFBC}") = "wpf_application", "wpf_application.csproj", "{6238B19E-0077-4DC7-9182-5C3F7CF569C6}"
EndProject
Global
	GlobalSection(SolutionConfigurationPlatforms) = preSolution
		Debug|Any CPU = Debug|Any CPU
		Release|Any CPU = Release|Any CPU
	EndGlobalSection
	GlobalSection(ProjectConfigurationPlatforms) = postSolution
		{6238B19E-0077-4DC7-9182-5C3F7CF569C6}.Debug|Any CPU.ActiveCfg = Debug|Any CPU
		{6238B19E-0077-4DC7-9182-5C3F7CF569C6}.Debug|Any CPU.Build.0 = Debug|Any CPU
		{6238B19E-0077-4DC7-9182-5C3F7CF569C6}.Release|Any CPU.ActiveCfg = Release|Any CPU
		{6238B19E-0077-4DC7-9182-5C3F7CF569C6}.Release|Any CPU.Build.0 = Release|Any CPU
	EndGlobalSection
	GlobalSection(SolutionProperties) = preSolution
		HideSolutionNode = FALSE
	EndGlobalSection
	GlobalSection(ExtensibilityGlobals) = postSolution
		SolutionGuid = {1573E966-95FB-489B-91E4-A51087D7AAB6}
	EndGlobalSection
EndGlobal
